// !$*UTF8*$!
{
	archiveVersion = 1;
	classes = {
	};
	objectVersion = 46;
	objects = {

/* Begin PBXBuildFile section */
		DE121B921790B48F001517C3 /* ssl.c in Sources */ = {isa = PBXBuildFile; fileRef = DE121B911790B48F001517C3 /* ssl.c */; };
		DE121B971790C4F6001517C3 /* msg_queue.c in Sources */ = {isa = PBXBuildFile; fileRef = DE121B961790C4F6001517C3 /* msg_queue.c */; };
		DE121B9D1790E546001517C3 /* msg_handler.c in Sources */ = {isa = PBXBuildFile; fileRef = DE121B9C1790E545001517C3 /* msg_handler.c */; };
		DE121BA01790F0B2001517C3 /* util.c in Sources */ = {isa = PBXBuildFile; fileRef = DE121B9F1790F0B2001517C3 /* util.c */; };
		DE121BAB17910A06001517C3 /* client_interface.c in Sources */ = {isa = PBXBuildFile; fileRef = DE121BAA17910A06001517C3 /* client_interface.c */; };
		DE96F804179204420093F03D /* dump.c in Sources */ = {isa = PBXBuildFile; fileRef = DE96F7F4179204420093F03D /* dump.c */; };
		DE96F805179204420093F03D /* error.c in Sources */ = {isa = PBXBuildFile; fileRef = DE96F7F5179204420093F03D /* error.c */; };
		DE96F806179204420093F03D /* hashtable.c in Sources */ = {isa = PBXBuildFile; fileRef = DE96F7F6179204420093F03D /* hashtable.c */; };
		DE96F807179204420093F03D /* load.c in Sources */ = {isa = PBXBuildFile; fileRef = DE96F7FB179204420093F03D /* load.c */; };
		DE96F808179204420093F03D /* memory.c in Sources */ = {isa = PBXBuildFile; fileRef = DE96F7FC179204420093F03D /* memory.c */; };
		DE96F809179204420093F03D /* pack_unpack.c in Sources */ = {isa = PBXBuildFile; fileRef = DE96F7FD179204420093F03D /* pack_unpack.c */; };
		DE96F80A179204420093F03D /* strbuffer.c in Sources */ = {isa = PBXBuildFile; fileRef = DE96F7FE179204420093F03D /* strbuffer.c */; };
		DE96F80B179204420093F03D /* strconv.c in Sources */ = {isa = PBXBuildFile; fileRef = DE96F800179204420093F03D /* strconv.c */; };
		DE96F80C179204420093F03D /* utf.c in Sources */ = {isa = PBXBuildFile; fileRef = DE96F801179204420093F03D /* utf.c */; };
		DE96F80D179204420093F03D /* value.c in Sources */ = {isa = PBXBuildFile; fileRef = DE96F803179204420093F03D /* value.c */; };
		DE96F81017930A8A0093F03D /* config_parser.c in Sources */ = {isa = PBXBuildFile; fileRef = DE96F80F17930A8A0093F03D /* config_parser.c */; };
		DE9AD7141751B654005F8C8D /* main.c in Sources */ = {isa = PBXBuildFile; fileRef = DE9AD7131751B654005F8C8D /* main.c */; };
		DE9AD71D1751B680005F8C8D /* libssl.dylib in Frameworks */ = {isa = PBXBuildFile; fileRef = DE9AD71C1751B680005F8C8D /* libssl.dylib */; };
/* End PBXBuildFile section */

/* Begin PBXFileReference section */
		DE121B911790B48F001517C3 /* ssl.c */ = {isa = PBXFileReference; fileEncoding = 4; lastKnownFileType = sourcecode.c.c; path = ssl.c; sourceTree = "<group>"; };
		DE121B931790B49E001517C3 /* ssl.h */ = {isa = PBXFileReference; lastKnownFileType = sourcecode.c.h; path = ssl.h; sourceTree = "<group>"; };
		DE121B961790C4F6001517C3 /* msg_queue.c */ = {isa = PBXFileReference; fileEncoding = 4; lastKnownFileType = sourcecode.c.c; path = msg_queue.c; sourceTree = "<group>"; };
		DE121B981790C4FF001517C3 /* msg_queue.h */ = {isa = PBXFileReference; lastKnownFileType = sourcecode.c.h; path = msg_queue.h; sourceTree = "<group>"; };
		DE121B9A1790C626001517C3 /* msg.h */ = {isa = PBXFileReference; lastKnownFileType = sourcecode.c.h; path = msg.h; sourceTree = "<group>"; };
		DE121B9B1790E529001517C3 /* msg_handler.h */ = {isa = PBXFileReference; lastKnownFileType = sourcecode.c.h; path = msg_handler.h; sourceTree = "<group>"; };
		DE121B9C1790E545001517C3 /* msg_handler.c */ = {isa = PBXFileReference; fileEncoding = 4; lastKnownFileType = sourcecode.c.c; path = msg_handler.c; sourceTree = "<group>"; };
		DE121B9F1790F0B2001517C3 /* util.c */ = {isa = PBXFileReference; fileEncoding = 4; lastKnownFileType = sourcecode.c.c; path = util.c; sourceTree = "<group>"; };
		DE121BA11790F0B8001517C3 /* util.h */ = {isa = PBXFileReference; lastKnownFileType = sourcecode.c.h; path = util.h; sourceTree = "<group>"; };
		DE121BA9179109D3001517C3 /* client_interface.h */ = {isa = PBXFileReference; lastKnownFileType = sourcecode.c.h; name = client_interface.h; path = APNSServer/client_interface.h; sourceTree = "<group>"; };
		DE121BAA17910A06001517C3 /* client_interface.c */ = {isa = PBXFileReference; fileEncoding = 4; lastKnownFileType = sourcecode.c.c; name = client_interface.c; path = APNSServer/client_interface.c; sourceTree = "<group>"; };
		DE96F7F4179204420093F03D /* dump.c */ = {isa = PBXFileReference; fileEncoding = 4; lastKnownFileType = sourcecode.c.c; name = dump.c; path = jansson/src/dump.c; sourceTree = SOURCE_ROOT; };
		DE96F7F5179204420093F03D /* error.c */ = {isa = PBXFileReference; fileEncoding = 4; lastKnownFileType = sourcecode.c.c; name = error.c; path = jansson/src/error.c; sourceTree = SOURCE_ROOT; };
		DE96F7F6179204420093F03D /* hashtable.c */ = {isa = PBXFileReference; fileEncoding = 4; lastKnownFileType = sourcecode.c.c; name = hashtable.c; path = jansson/src/hashtable.c; sourceTree = SOURCE_ROOT; };
		DE96F7F7179204420093F03D /* hashtable.h */ = {isa = PBXFileReference; fileEncoding = 4; lastKnownFileType = sourcecode.c.h; name = hashtable.h; path = jansson/src/hashtable.h; sourceTree = SOURCE_ROOT; };
		DE96F7F8179204420093F03D /* jansson_config.h */ = {isa = PBXFileReference; fileEncoding = 4; lastKnownFileType = sourcecode.c.h; name = jansson_config.h; path = jansson/src/jansson_config.h; sourceTree = SOURCE_ROOT; };
		DE96F7F9179204420093F03D /* jansson_private.h */ = {isa = PBXFileReference; fileEncoding = 4; lastKnownFileType = sourcecode.c.h; name = jansson_private.h; path = jansson/src/jansson_private.h; sourceTree = SOURCE_ROOT; };
		DE96F7FA179204420093F03D /* jansson.h */ = {isa = PBXFileReference; fileEncoding = 4; lastKnownFileType = sourcecode.c.h; name = jansson.h; path = jansson/src/jansson.h; sourceTree = SOURCE_ROOT; };
		DE96F7FB179204420093F03D /* load.c */ = {isa = PBXFileReference; fileEncoding = 4; lastKnownFileType = sourcecode.c.c; name = load.c; path = jansson/src/load.c; sourceTree = SOURCE_ROOT; };
		DE96F7FC179204420093F03D /* memory.c */ = {isa = PBXFileReference; fileEncoding = 4; lastKnownFileType = sourcecode.c.c; name = memory.c; path = jansson/src/memory.c; sourceTree = SOURCE_ROOT; };
		DE96F7FD179204420093F03D /* pack_unpack.c */ = {isa = PBXFileReference; fileEncoding = 4; lastKnownFileType = sourcecode.c.c; name = pack_unpack.c; path = jansson/src/pack_unpack.c; sourceTree = SOURCE_ROOT; };
		DE96F7FE179204420093F03D /* strbuffer.c */ = {isa = PBXFileReference; fileEncoding = 4; lastKnownFileType = sourcecode.c.c; name = strbuffer.c; path = jansson/src/strbuffer.c; sourceTree = SOURCE_ROOT; };
		DE96F7FF179204420093F03D /* strbuffer.h */ = {isa = PBXFileReference; fileEncoding = 4; lastKnownFileType = sourcecode.c.h; name = strbuffer.h; path = jansson/src/strbuffer.h; sourceTree = SOURCE_ROOT; };
		DE96F800179204420093F03D /* strconv.c */ = {isa = PBXFileReference; fileEncoding = 4; lastKnownFileType = sourcecode.c.c; name = strconv.c; path = jansson/src/strconv.c; sourceTree = SOURCE_ROOT; };
		DE96F801179204420093F03D /* utf.c */ = {isa = PBXFileReference; fileEncoding = 4; lastKnownFileType = sourcecode.c.c; name = utf.c; path = jansson/src/utf.c; sourceTree = SOURCE_ROOT; };
		DE96F802179204420093F03D /* utf.h */ = {isa = PBXFileReference; fileEncoding = 4; lastKnownFileType = sourcecode.c.h; name = utf.h; path = jansson/src/utf.h; sourceTree = SOURCE_ROOT; };
		DE96F803179204420093F03D /* value.c */ = {isa = PBXFileReference; fileEncoding = 4; lastKnownFileType = sourcecode.c.c; name = value.c; path = jansson/src/value.c; sourceTree = SOURCE_ROOT; };
		DE96F80F17930A8A0093F03D /* config_parser.c */ = {isa = PBXFileReference; fileEncoding = 4; lastKnownFileType = sourcecode.c.c; path = config_parser.c; sourceTree = "<group>"; };
		DE96F81217930AB20093F03D /* config_parser.h */ = {isa = PBXFileReference; lastKnownFileType = sourcecode.c.h; path = config_parser.h; sourceTree = "<group>"; };
		DE9AD7101751B654005F8C8D /* APNSServer */ = {isa = PBXFileReference; explicitFileType = "compiled.mach-o.executable"; includeInIndex = 0; path = APNSServer; sourceTree = BUILT_PRODUCTS_DIR; };
		DE9AD7131751B654005F8C8D /* main.c */ = {isa = PBXFileReference; lastKnownFileType = sourcecode.c.c; path = main.c; sourceTree = "<group>"; };
		DE9AD71C1751B680005F8C8D /* libssl.dylib */ = {isa = PBXFileReference; lastKnownFileType = "compiled.mach-o.dylib"; name = libssl.dylib; path = usr/lib/libssl.dylib; sourceTree = SDKROOT; };
		DE9AD71E1751B72A005F8C8D /* main.h */ = {isa = PBXFileReference; fileEncoding = 4; lastKnownFileType = sourcecode.c.h; path = main.h; sourceTree = "<group>"; };
		DE9AD71F1751B7DD005F8C8D /* apns_config.h */ = {isa = PBXFileReference; lastKnownFileType = sourcecode.c.h; path = apns_config.h; sourceTree = "<group>"; };
		DE9AD7201751C351005F8C8D /* ansi_terminal_defs.h */ = {isa = PBXFileReference; lastKnownFileType = sourcecode.c.h; path = ansi_terminal_defs.h; sourceTree = "<group>"; };
/* End PBXFileReference section */

/* Begin PBXFrameworksBuildPhase section */
		DE9AD70D1751B654005F8C8D /* Frameworks */ = {
			isa = PBXFrameworksBuildPhase;
			buildActionMask = 2147483647;
			files = (
				DE9AD71D1751B680005F8C8D /* libssl.dylib in Frameworks */,
			);
			runOnlyForDeploymentPostprocessing = 0;
		};
/* End PBXFrameworksBuildPhase section */

/* Begin PBXGroup section */
		DE121B941790B4A3001517C3 /* SSL Handling */ = {
			isa = PBXGroup;
			children = (
				DE121B911790B48F001517C3 /* ssl.c */,
				DE121B931790B49E001517C3 /* ssl.h */,
			);
			name = "SSL Handling";
			sourceTree = "<group>";
		};
		DE121B951790C4DC001517C3 /* Message Handling */ = {
			isa = PBXGroup;
			children = (
				DE121B9A1790C626001517C3 /* msg.h */,
				DE121B9C1790E545001517C3 /* msg_handler.c */,
				DE121B9B1790E529001517C3 /* msg_handler.h */,
			);
			name = "Message Handling";
			sourceTree = "<group>";
		};
		DE121B991790C60C001517C3 /* Message Queueing */ = {
			isa = PBXGroup;
			children = (
				DE121B961790C4F6001517C3 /* msg_queue.c */,
				DE121B981790C4FF001517C3 /* msg_queue.h */,
			);
			name = "Message Queueing";
			sourceTree = "<group>";
		};
		DE121B9E1790F0A1001517C3 /* Miscellaneous */ = {
			isa = PBXGroup;
			children = (
				DE121BA51790F683001517C3 /* JSON */,
				DE121B9F1790F0B2001517C3 /* util.c */,
				DE121BA11790F0B8001517C3 /* util.h */,
			);
			name = Miscellaneous;
			sourceTree = "<group>";
		};
		DE121BA51790F683001517C3 /* JSON */ = {
			isa = PBXGroup;
			children = (
				DE96F7F4179204420093F03D /* dump.c */,
				DE96F7F5179204420093F03D /* error.c */,
				DE96F7F6179204420093F03D /* hashtable.c */,
				DE96F7F7179204420093F03D /* hashtable.h */,
				DE96F7F8179204420093F03D /* jansson_config.h */,
				DE96F7F9179204420093F03D /* jansson_private.h */,
				DE96F7FA179204420093F03D /* jansson.h */,
				DE96F7FB179204420093F03D /* load.c */,
				DE96F7FC179204420093F03D /* memory.c */,
				DE96F7FD179204420093F03D /* pack_unpack.c */,
				DE96F7FE179204420093F03D /* strbuffer.c */,
				DE96F7FF179204420093F03D /* strbuffer.h */,
				DE96F800179204420093F03D /* strconv.c */,
				DE96F801179204420093F03D /* utf.c */,
				DE96F802179204420093F03D /* utf.h */,
				DE96F803179204420093F03D /* value.c */,
			);
			name = JSON;
			sourceTree = "<group>";
		};
		DE121BA617910939001517C3 /* Client Interfacing */ = {
			isa = PBXGroup;
			children = (
				DE121BAA17910A06001517C3 /* client_interface.c */,
				DE121BA9179109D3001517C3 /* client_interface.h */,
			);
			name = "Client Interfacing";
			path = ..;
			sourceTree = "<group>";
		};
		DE96F80E17930A320093F03D /* Config */ = {
			isa = PBXGroup;
			children = (
				DE96F80F17930A8A0093F03D /* config_parser.c */,
				DE96F81217930AB20093F03D /* config_parser.h */,
			);
			name = Config;
			sourceTree = "<group>";
		};
		DE9AD7071751B654005F8C8D = {
			isa = PBXGroup;
			children = (
				DE9AD71C1751B680005F8C8D /* libssl.dylib */,
				DE9AD7121751B654005F8C8D /* APNSServer */,
				DE9AD7111751B654005F8C8D /* Products */,
			);
			sourceTree = "<group>";
		};
		DE9AD7111751B654005F8C8D /* Products */ = {
			isa = PBXGroup;
			children = (
				DE9AD7101751B654005F8C8D /* APNSServer */,
			);
			name = Products;
			sourceTree = "<group>";
		};
		DE9AD7121751B654005F8C8D /* APNSServer */ = {
			isa = PBXGroup;
			children = (
				DE121B991790C60C001517C3 /* Message Queueing */,
				DE121B951790C4DC001517C3 /* Message Handling */,
				DE121B941790B4A3001517C3 /* SSL Handling */,
				DE121BA617910939001517C3 /* Client Interfacing */,
				DE96F80E17930A320093F03D /* Config */,
				DE121B9E1790F0A1001517C3 /* Miscellaneous */,
				DE9AD7131751B654005F8C8D /* main.c */,
				DE9AD71E1751B72A005F8C8D /* main.h */,
				DE9AD71F1751B7DD005F8C8D /* apns_config.h */,
				DE9AD7201751C351005F8C8D /* ansi_terminal_defs.h */,
			);
			path = APNSServer;
			sourceTree = "<group>";
		};
/* End PBXGroup section */

/* Begin PBXNativeTarget section */
		DE9AD70F1751B654005F8C8D /* APNSServer */ = {
			isa = PBXNativeTarget;
			buildConfigurationList = DE9AD7191751B654005F8C8D /* Build configuration list for PBXNativeTarget "APNSServer" */;
			buildPhases = (
				DE9AD70C1751B654005F8C8D /* Sources */,
				DE9AD70D1751B654005F8C8D /* Frameworks */,
			);
			buildRules = (
			);
			dependencies = (
			);
			name = APNSServer;
			productName = APNSServer;
			productReference = DE9AD7101751B654005F8C8D /* APNSServer */;
			productType = "com.apple.product-type.tool";
		};
/* End PBXNativeTarget section */

/* Begin PBXProject section */
		DE9AD7081751B654005F8C8D /* Project object */ = {
			isa = PBXProject;
			attributes = {
				LastUpgradeCheck = 0460;
				ORGANIZATIONNAME = "Squee! Apps";
			};
			buildConfigurationList = DE9AD70B1751B654005F8C8D /* Build configuration list for PBXProject "APNSServer" */;
			compatibilityVersion = "Xcode 3.2";
			developmentRegion = English;
			hasScannedForEncodings = 0;
			knownRegions = (
				en,
			);
			mainGroup = DE9AD7071751B654005F8C8D;
			productRefGroup = DE9AD7111751B654005F8C8D /* Products */;
			projectDirPath = "";
			projectRoot = "";
			targets = (
				DE9AD70F1751B654005F8C8D /* APNSServer */,
			);
		};
/* End PBXProject section */

/* Begin PBXSourcesBuildPhase section */
		DE9AD70C1751B654005F8C8D /* Sources */ = {
			isa = PBXSourcesBuildPhase;
			buildActionMask = 2147483647;
			files = (
				DE9AD7141751B654005F8C8D /* main.c in Sources */,
				DE121B921790B48F001517C3 /* ssl.c in Sources */,
				DE121B971790C4F6001517C3 /* msg_queue.c in Sources */,
				DE121B9D1790E546001517C3 /* msg_handler.c in Sources */,
				DE121BA01790F0B2001517C3 /* util.c in Sources */,
				DE121BAB17910A06001517C3 /* client_interface.c in Sources */,
				DE96F804179204420093F03D /* dump.c in Sources */,
				DE96F805179204420093F03D /* error.c in Sources */,
				DE96F806179204420093F03D /* hashtable.c in Sources */,
				DE96F807179204420093F03D /* load.c in Sources */,
				DE96F808179204420093F03D /* memory.c in Sources */,
				DE96F809179204420093F03D /* pack_unpack.c in Sources */,
				DE96F80A179204420093F03D /* strbuffer.c in Sources */,
				DE96F80B179204420093F03D /* strconv.c in Sources */,
				DE96F80C179204420093F03D /* utf.c in Sources */,
				DE96F80D179204420093F03D /* value.c in Sources */,
				DE96F81017930A8A0093F03D /* config_parser.c in Sources */,
			);
			runOnlyForDeploymentPostprocessing = 0;
		};
/* End PBXSourcesBuildPhase section */

/* Begin XCBuildConfiguration section */
		DE9AD7171751B654005F8C8D /* Debug */ = {
			isa = XCBuildConfiguration;
			buildSettings = {
				ALWAYS_SEARCH_USER_PATHS = NO;
				ARCHS = "$(ARCHS_STANDARD_64_BIT)";
				CLANG_CXX_LANGUAGE_STANDARD = "gnu++0x";
				CLANG_CXX_LIBRARY = "libc++";
				CLANG_WARN_CONSTANT_CONVERSION = YES;
				CLANG_WARN_EMPTY_BODY = YES;
				CLANG_WARN_ENUM_CONVERSION = YES;
				CLANG_WARN_INT_CONVERSION = YES;
				CLANG_WARN__DUPLICATE_METHOD_MATCH = YES;
				COPY_PHASE_STRIP = NO;
				GCC_C_LANGUAGE_STANDARD = gnu99;
				GCC_DYNAMIC_NO_PIC = NO;
				GCC_ENABLE_OBJC_EXCEPTIONS = YES;
				GCC_OPTIMIZATION_LEVEL = 0;
				GCC_PREPROCESSOR_DEFINITIONS = (
					"DEBUG=1",
					"$(inherited)",
				);
				GCC_SYMBOLS_PRIVATE_EXTERN = NO;
				GCC_WARN_64_TO_32_BIT_CONVERSION = YES;
				GCC_WARN_ABOUT_RETURN_TYPE = YES;
				GCC_WARN_UNINITIALIZED_AUTOS = YES;
				GCC_WARN_UNUSED_VARIABLE = YES;
				MACOSX_DEPLOYMENT_TARGET = 10.7;
				ONLY_ACTIVE_ARCH = YES;
				SDKROOT = macosx;
			};
			name = Debug;
		};
		DE9AD7181751B654005F8C8D /* Release */ = {
			isa = XCBuildConfiguration;
			buildSettings = {
				ALWAYS_SEARCH_USER_PATHS = NO;
				ARCHS = "$(ARCHS_STANDARD_64_BIT)";
				CLANG_CXX_LANGUAGE_STANDARD = "gnu++0x";
				CLANG_CXX_LIBRARY = "libc++";
				CLANG_WARN_CONSTANT_CONVERSION = YES;
				CLANG_WARN_EMPTY_BODY = YES;
				CLANG_WARN_ENUM_CONVERSION = YES;
				CLANG_WARN_INT_CONVERSION = YES;
				CLANG_WARN__DUPLICATE_METHOD_MATCH = YES;
				COPY_PHASE_STRIP = YES;
				DEBUG_INFORMATION_FORMAT = "dwarf-with-dsym";
				GCC_C_LANGUAGE_STANDARD = gnu99;
				GCC_ENABLE_OBJC_EXCEPTIONS = YES;
				GCC_WARN_64_TO_32_BIT_CONVERSION = YES;
				GCC_WARN_ABOUT_RETURN_TYPE = YES;
				GCC_WARN_UNINITIALIZED_AUTOS = YES;
				GCC_WARN_UNUSED_VARIABLE = YES;
				MACOSX_DEPLOYMENT_TARGET = 10.7;
				SDKROOT = macosx;
			};
			name = Release;
		};
		DE9AD71A1751B654005F8C8D /* Debug */ = {
			isa = XCBuildConfiguration;
			buildSettings = {
				ARCHS = "$(ARCHS_STANDARD_32_64_BIT)";
				PRODUCT_NAME = "$(TARGET_NAME)";
			};
			name = Debug;
		};
		DE9AD71B1751B654005F8C8D /* Release */ = {
			isa = XCBuildConfiguration;
			buildSettings = {
				ARCHS = "$(ARCHS_STANDARD_32_64_BIT)";
				GCC_OPTIMIZATION_LEVEL = 3;
				PRODUCT_NAME = "$(TARGET_NAME)";
			};
			name = Release;
		};
/* End XCBuildConfiguration section */

/* Begin XCConfigurationList section */
		DE9AD70B1751B654005F8C8D /* Build configuration list for PBXProject "APNSServer" */ = {
			isa = XCConfigurationList;
			buildConfigurations = (
				DE9AD7171751B654005F8C8D /* Debug */,
				DE9AD7181751B654005F8C8D /* Release */,
			);
			defaultConfigurationIsVisible = 0;
			defaultConfigurationName = Release;
		};
		DE9AD7191751B654005F8C8D /* Build configuration list for PBXNativeTarget "APNSServer" */ = {
			isa = XCConfigurationList;
			buildConfigurations = (
				DE9AD71A1751B654005F8C8D /* Debug */,
				DE9AD71B1751B654005F8C8D /* Release */,
			);
			defaultConfigurationIsVisible = 0;
			defaultConfigurationName = Release;
		};
/* End XCConfigurationList section */
	};
	rootObject = DE9AD7081751B654005F8C8D /* Project object */;
}
